
Microsoft Visual Studio Solution File, Format Version 12.00
Project("{FAE04EC0-301F-11D3-BF4B-00C04F79EFBC}") = "Cms.Setup", "Cms.Setup\Cms.Setup.csproj", "{D333CCE7-FC3B-42A0-B4B4-81344CB090FE}"
EndProject
Project("{2150E333-8FDC-42A3-9474-1A3956D46DE8}") = "Apps", "Apps", "{91AF3536-1689-46AD-8A43-1C3CAA7D36F4}"
EndProject
Project("{2150E333-8FDC-42A3-9474-1A3956D46DE8}") = "Core", "Core", "{3BF468CE-3FFF-432C-82BC-4DDFEC877766}"
EndProject
Project("{2150E333-8FDC-42A3-9474-1A3956D46DE8}") = "Modules", "Modules", "{00AF737B-3473-4C77-9728-613283831913}"
EndProject
Project("{FAE04EC0-301F-11D3-BF4B-00C04F79EFBC}") = "Cms.ECommerce", "Cms.ECommerce\Cms.ECommerce.csproj", "{BCBBDCD8-3840-49F0-A8DC-4677BAD0A883}"
EndProject
Project("{FAE04EC0-301F-11D3-BF4B-00C04F79EFBC}") = "Cms.Shared", "Cms.Shared\Cms.Shared.csproj", "{90DB8E50-9402-4957-AD06-08889468754F}"
EndProject
Project("{FAE04EC0-301F-11D3-BF4B-00C04F79EFBC}") = "Cms.Api", "Cms.Api\Cms.Api.csproj", "{7FBF569A-51CD-4CAF-9C88-7936ED8D8451}"
EndProject
Global
	GlobalSection(SolutionConfigurationPlatforms) = preSolution
		Debug|Any CPU = Debug|Any CPU
		Release|Any CPU = Release|Any CPU
	EndGlobalSection
	GlobalSection(ProjectConfigurationPlatforms) = postSolution
		{D333CCE7-FC3B-42A0-B4B4-81344CB090FE}.Debug|Any CPU.ActiveCfg = Debug|Any CPU
		{D333CCE7-FC3B-42A0-B4B4-81344CB090FE}.Debug|Any CPU.Build.0 = Debug|Any CPU
		{D333CCE7-FC3B-42A0-B4B4-81344CB090FE}.Release|Any CPU.ActiveCfg = Release|Any CPU
		{D333CCE7-FC3B-42A0-B4B4-81344CB090FE}.Release|Any CPU.Build.0 = Release|Any CPU
		{BCBBDCD8-3840-49F0-A8DC-4677BAD0A883}.Debug|Any CPU.ActiveCfg = Debug|Any CPU
		{BCBBDCD8-3840-49F0-A8DC-4677BAD0A883}.Debug|Any CPU.Build.0 = Debug|Any CPU
		{BCBBDCD8-3840-49F0-A8DC-4677BAD0A883}.Release|Any CPU.ActiveCfg = Release|Any CPU
		{BCBBDCD8-3840-49F0-A8DC-4677BAD0A883}.Release|Any CPU.Build.0 = Release|Any CPU
		{90DB8E50-9402-4957-AD06-08889468754F}.Debug|Any CPU.ActiveCfg = Debug|Any CPU
		{90DB8E50-9402-4957-AD06-08889468754F}.Debug|Any CPU.Build.0 = Debug|Any CPU
		{90DB8E50-9402-4957-AD06-08889468754F}.Release|Any CPU.ActiveCfg = Release|Any CPU
		{90DB8E50-9402-4957-AD06-08889468754F}.Release|Any CPU.Build.0 = Release|Any CPU
		{7FBF569A-51CD-4CAF-9C88-7936ED8D8451}.Debug|Any CPU.ActiveCfg = Debug|Any CPU
		{7FBF569A-51CD-4CAF-9C88-7936ED8D8451}.Debug|Any CPU.Build.0 = Debug|Any CPU
		{7FBF569A-51CD-4CAF-9C88-7936ED8D8451}.Release|Any CPU.ActiveCfg = Release|Any CPU
		{7FBF569A-51CD-4CAF-9C88-7936ED8D8451}.Release|Any CPU.Build.0 = Release|Any CPU
	EndGlobalSection
	GlobalSection(NestedProjects) = preSolution
		{D333CCE7-FC3B-42A0-B4B4-81344CB090FE} = {91AF3536-1689-46AD-8A43-1C3CAA7D36F4}
		{BCBBDCD8-3840-49F0-A8DC-4677BAD0A883} = {00AF737B-3473-4C77-9728-613283831913}
		{90DB8E50-9402-4957-AD06-08889468754F} = {3BF468CE-3FFF-432C-82BC-4DDFEC877766}
		{7FBF569A-51CD-4CAF-9C88-7936ED8D8451} = {91AF3536-1689-46AD-8A43-1C3CAA7D36F4}
	EndGlobalSection
EndGlobal
